
Microsoft Visual Studio Solution File, Format Version 12.00
# Visual Studio Version 17
VisualStudioVersion = 17.5.33424.131
MinimumVisualStudioVersion = 10.0.40219.1
Project("{FAE04EC0-301F-11D3-BF4B-00C04F79EFBC}") = "travel-agent", "travel-agent\travel-agent.csproj", "{3F59DE35-E313-4C17-B0DF-5535450643D5}"
EndProject
Global
	GlobalSection(SolutionConfigurationPlatforms) = preSolution
		Debug|Any CPU = Debug|Any CPU
		Release|Any CPU = Release|Any CPU
	EndGlobalSection
	GlobalSection(ProjectConfigurationPlatforms) = postSolution
		{3F59DE35-E313-4C17-B0DF-5535450643D5}.Debug|Any CPU.ActiveCfg = Debug|Any CPU
		{3F59DE35-E313-4C17-B0DF-5535450643D5}.Debug|Any CPU.Build.0 = Debug|Any CPU
		{3F59DE35-E313-4C17-B0DF-5535450643D5}.Release|Any CPU.ActiveCfg = Release|Any CPU
		{3F59DE35-E313-4C17-B0DF-5535450643D5}.Release|Any CPU.Build.0 = Release|Any CPU
	EndGlobalSection
	GlobalSection(SolutionProperties) = preSolution
		HideSolutionNode = FALSE
	EndGlobalSection
	GlobalSection(ExtensibilityGlobals) = postSolution
		SolutionGuid = {696B904D-6CBA-4B4F-B1B3-C84E35319C59}
	EndGlobalSection
EndGlobal
